
Microsoft Visual Studio Solution File, Format Version 12.00
# Visual Studio 15
VisualStudioVersion = 15.0.28010.2036
MinimumVisualStudioVersion = 10.0.40219.1
Project("{FAE04EC0-301F-11D3-BF4B-00C04F79EFBC}") = "Bogosoft.Cloning", "Bogosoft.Cloning\Bogosoft.Cloning.csproj", "{D3BC6B7F-8EB6-4FFB-8A1C-597A7DBF45D8}"
EndProject
Global
	GlobalSection(SolutionConfigurationPlatforms) = preSolution
		Debug|Any CPU = Debug|Any CPU
		Release|Any CPU = Release|Any CPU
	EndGlobalSection
	GlobalSection(ProjectConfigurationPlatforms) = postSolution
		{D3BC6B7F-8EB6-4FFB-8A1C-597A7DBF45D8}.Debug|Any CPU.ActiveCfg = Debug|Any CPU
		{D3BC6B7F-8EB6-4FFB-8A1C-597A7DBF45D8}.Debug|Any CPU.Build.0 = Debug|Any CPU
		{D3BC6B7F-8EB6-4FFB-8A1C-597A7DBF45D8}.Release|Any CPU.ActiveCfg = Release|Any CPU
		{D3BC6B7F-8EB6-4FFB-8A1C-597A7DBF45D8}.Release|Any CPU.Build.0 = Release|Any CPU
	EndGlobalSection
	GlobalSection(SolutionProperties) = preSolution
		HideSolutionNode = FALSE
	EndGlobalSection
	GlobalSection(ExtensibilityGlobals) = postSolution
		SolutionGuid = {37C86161-DAC1-4B63-A10F-3D6D1805FB41}
	EndGlobalSection
EndGlobal
